
Microsoft Visual Studio Solution File, Format Version 12.00
# Visual Studio 2012
Project("{FAE04EC0-301F-11D3-BF4B-00C04F79EFBC}") = "MvcDivideStore", "MvcDivideStore\MvcDivideStore.csproj", "{336C33C1-29E2-4663-8FED-7157B773FED3}"
EndProject
Global
	GlobalSection(SolutionConfigurationPlatforms) = preSolution
		Debug|Any CPU = Debug|Any CPU
		Release|Any CPU = Release|Any CPU
	EndGlobalSection
	GlobalSection(ProjectConfigurationPlatforms) = postSolution
		{336C33C1-29E2-4663-8FED-7157B773FED3}.Debug|Any CPU.ActiveCfg = Debug|Any CPU
		{336C33C1-29E2-4663-8FED-7157B773FED3}.Debug|Any CPU.Build.0 = Debug|Any CPU
		{336C33C1-29E2-4663-8FED-7157B773FED3}.Release|Any CPU.ActiveCfg = Release|Any CPU
		{336C33C1-29E2-4663-8FED-7157B773FED3}.Release|Any CPU.Build.0 = Release|Any CPU
	EndGlobalSection
	GlobalSection(SolutionProperties) = preSolution
		HideSolutionNode = FALSE
	EndGlobalSection
EndGlobal
